
Microsoft Visual Studio Solution File, Format Version 12.00
# Visual Studio Version 17
VisualStudioVersion = 17.14.36616.10 d17.14
MinimumVisualStudioVersion = 10.0.40219.1
Project("{FAE04EC0-301F-11D3-BF4B-00C04F79EFBC}") = "Rapidd Technology", "Rapidd Technology.csproj", "{D34FC56C-37DE-4BAE-A0AD-E333F728A6A7}"
EndProject
Global
	GlobalSection(SolutionConfigurationPlatforms) = preSolution
		Debug|Any CPU = Debug|Any CPU
		Release|Any CPU = Release|Any CPU
	EndGlobalSection
	GlobalSection(ProjectConfigurationPlatforms) = postSolution
		{D34FC56C-37DE-4BAE-A0AD-E333F728A6A7}.Debug|Any CPU.ActiveCfg = Debug|Any CPU
		{D34FC56C-37DE-4BAE-A0AD-E333F728A6A7}.Debug|Any CPU.Build.0 = Debug|Any CPU
		{D34FC56C-37DE-4BAE-A0AD-E333F728A6A7}.Release|Any CPU.ActiveCfg = Release|Any CPU
		{D34FC56C-37DE-4BAE-A0AD-E333F728A6A7}.Release|Any CPU.Build.0 = Release|Any CPU
	EndGlobalSection
	GlobalSection(SolutionProperties) = preSolution
		HideSolutionNode = FALSE
	EndGlobalSection
	GlobalSection(ExtensibilityGlobals) = postSolution
		SolutionGuid = {A628554E-ADD1-44B3-BDEF-1C3CEF757BB3}
	EndGlobalSection
EndGlobal
